
Microsoft Visual Studio Solution File, Format Version 12.00
# Visual Studio Version 17
VisualStudioVersion = 17.0.32014.148
MinimumVisualStudioVersion = 10.0.40219.1
Project("{FAE04EC0-301F-11D3-BF4B-00C04F79EFBC}") = "OrderingFood", "OrderingFood\OrderingFood.csproj", "{D36C1E46-02B0-4F2B-B550-2A221C3E8E5E}"
EndProject
Project("{FAE04EC0-301F-11D3-BF4B-00C04F79EFBC}") = "ShawarmaManager", "ShawarmaManager\ShawarmaManager.csproj", "{34BA01A6-EE12-45C7-B796-E25A5475994B}"
EndProject
Global
	GlobalSection(SolutionConfigurationPlatforms) = preSolution
		Debug|Any CPU = Debug|Any CPU
		Release|Any CPU = Release|Any CPU
	EndGlobalSection
	GlobalSection(ProjectConfigurationPlatforms) = postSolution
		{D36C1E46-02B0-4F2B-B550-2A221C3E8E5E}.Debug|Any CPU.ActiveCfg = Debug|Any CPU
		{D36C1E46-02B0-4F2B-B550-2A221C3E8E5E}.Debug|Any CPU.Build.0 = Debug|Any CPU
		{D36C1E46-02B0-4F2B-B550-2A221C3E8E5E}.Release|Any CPU.ActiveCfg = Release|Any CPU
		{D36C1E46-02B0-4F2B-B550-2A221C3E8E5E}.Release|Any CPU.Build.0 = Release|Any CPU
		{34BA01A6-EE12-45C7-B796-E25A5475994B}.Debug|Any CPU.ActiveCfg = Debug|Any CPU
		{34BA01A6-EE12-45C7-B796-E25A5475994B}.Debug|Any CPU.Build.0 = Debug|Any CPU
		{34BA01A6-EE12-45C7-B796-E25A5475994B}.Release|Any CPU.ActiveCfg = Release|Any CPU
		{34BA01A6-EE12-45C7-B796-E25A5475994B}.Release|Any CPU.Build.0 = Release|Any CPU
	EndGlobalSection
	GlobalSection(SolutionProperties) = preSolution
		HideSolutionNode = FALSE
	EndGlobalSection
	GlobalSection(ExtensibilityGlobals) = postSolution
		SolutionGuid = {572CCEBF-7918-47BF-A27C-0079FBC73341}
	EndGlobalSection
EndGlobal
